
Microsoft Visual Studio Solution File, Format Version 12.00
# Visual Studio 15
VisualStudioVersion = 15.0.36324.19
MinimumVisualStudioVersion = 10.0.40219.1
Project("{FAE04EC0-301F-11D3-BF4B-00C04F79EFBC}") = "FilttroDeRegistros", "FilttroDeRegistros\FilttroDeRegistros.csproj", "{CA90ACA8-0CDC-4A76-A057-35FD4FAF007A}"
EndProject
Global
	GlobalSection(SolutionConfigurationPlatforms) = preSolution
		Debug|Any CPU = Debug|Any CPU
		Release|Any CPU = Release|Any CPU
	EndGlobalSection
	GlobalSection(ProjectConfigurationPlatforms) = postSolution
		{CA90ACA8-0CDC-4A76-A057-35FD4FAF007A}.Debug|Any CPU.ActiveCfg = Debug|Any CPU
		{CA90ACA8-0CDC-4A76-A057-35FD4FAF007A}.Debug|Any CPU.Build.0 = Debug|Any CPU
		{CA90ACA8-0CDC-4A76-A057-35FD4FAF007A}.Release|Any CPU.ActiveCfg = Release|Any CPU
		{CA90ACA8-0CDC-4A76-A057-35FD4FAF007A}.Release|Any CPU.Build.0 = Release|Any CPU
	EndGlobalSection
	GlobalSection(SolutionProperties) = preSolution
		HideSolutionNode = FALSE
	EndGlobalSection
	GlobalSection(ExtensibilityGlobals) = postSolution
		SolutionGuid = {A27F0EFC-BED2-40FF-9C98-D78CE6E04F5F}
	EndGlobalSection
EndGlobal
