
Microsoft Visual Studio Solution File, Format Version 12.00
# Visual Studio Version 17
VisualStudioVersion = 17.14.36518.9 d17.14
MinimumVisualStudioVersion = 10.0.40219.1
Project("{FAE04EC0-301F-11D3-BF4B-00C04F79EFBC}") = "ImportadorLocalidades", "ImportadorLocalidades\ImportadorLocalidades.csproj", "{A79836C8-D88D-4F31-B067-B8FBFCFF03A6}"
EndProject
Global
	GlobalSection(SolutionConfigurationPlatforms) = preSolution
		Debug|Any CPU = Debug|Any CPU
		Release|Any CPU = Release|Any CPU
	EndGlobalSection
	GlobalSection(ProjectConfigurationPlatforms) = postSolution
		{A79836C8-D88D-4F31-B067-B8FBFCFF03A6}.Debug|Any CPU.ActiveCfg = Debug|Any CPU
		{A79836C8-D88D-4F31-B067-B8FBFCFF03A6}.Debug|Any CPU.Build.0 = Debug|Any CPU
		{A79836C8-D88D-4F31-B067-B8FBFCFF03A6}.Release|Any CPU.ActiveCfg = Release|Any CPU
		{A79836C8-D88D-4F31-B067-B8FBFCFF03A6}.Release|Any CPU.Build.0 = Release|Any CPU
	EndGlobalSection
	GlobalSection(SolutionProperties) = preSolution
		HideSolutionNode = FALSE
	EndGlobalSection
	GlobalSection(ExtensibilityGlobals) = postSolution
		SolutionGuid = {63DAFA6D-0887-45D9-9FB5-4C3ED2B2C8D2}
	EndGlobalSection
EndGlobal
